// !$*UTF8*$!
{
	archiveVersion = 1;
	classes = {
	};
	objectVersion = 77;
	objects = {

/* Begin PBXBuildFile section */
		A10100000000000000000005 /* DynamixLockscreenWidget.appex in Embed Foundation Extensions */ = {isa = PBXBuildFile; fileRef = A10100000000000000000001 /* DynamixLockscreenWidget.appex */; settings = {ATTRIBUTES = (CodeSignOnCopy, RemoveHeadersOnCopy, ); }; };
		B20100000000000000000001 /* Sparkle in Frameworks */ = {isa = PBXBuildFile; productRef = B20100000000000000000003 /* Sparkle */; };
/* End PBXBuildFile section */

/* Begin PBXContainerItemProxy section */
		A10100000000000000000006 /* PBXContainerItemProxy */ = {
			isa = PBXContainerItemProxy;
			containerPortal = 776F4BD1301E008800F8A582 /* Project object */;
			proxyType = 1;
			remoteGlobalIDString = A10100000000000000000007;
			remoteInfo = DynamixLockscreenWidget;
		};
/* End PBXContainerItemProxy section */

/* Begin PBXCopyFilesBuildPhase section */
		A10100000000000000000004 /* Embed Foundation Extensions */ = {
			isa = PBXCopyFilesBuildPhase;
			buildActionMask = 2147483647;
			dstPath = "";
			dstSubfolderSpec = 13;
			files = (
				A10100000000000000000005 /* DynamixLockscreenWidget.appex in Embed Foundation Extensions */,
			);
			name = "Embed Foundation Extensions";
			runOnlyForDeploymentPostprocessing = 0;
		};
/* End PBXCopyFilesBuildPhase section */

/* Begin PBXFileReference section */
		776F4BD9301E008800F8A582 /* Dynamix.app */ = {isa = PBXFileReference; explicitFileType = wrapper.application; includeInIndex = 0; path = Dynamix.app; sourceTree = BUILT_PRODUCTS_DIR; };
		A10100000000000000000001 /* DynamixLockscreenWidget.appex */ = {isa = PBXFileReference; explicitFileType = "wrapper.app-extension"; includeInIndex = 0; path = DynamixLockscreenWidget.appex; sourceTree = BUILT_PRODUCTS_DIR; };
/* End PBXFileReference section */

/* Begin PBXFileSystemSynchronizedBuildFileExceptionSet section */
		B20100000000000000000004 /* Exceptions for "Dynamic" folder in "Dynamic" target */ = {
			isa = PBXFileSystemSynchronizedBuildFileExceptionSet;
			membershipExceptions = (
				Info.plist,
			);
			target = 776F4BD8301E008800F8A582 /* Dynamic */;
		};
		A10100000000000000000016 /* Exceptions for "DynamixLockscreenWidget" folder in "DynamixLockscreenWidget" target */ = {
			isa = PBXFileSystemSynchronizedBuildFileExceptionSet;
			membershipExceptions = (
				Info.plist,
			);
			target = A10100000000000000000007 /* DynamixLockscreenWidget */;
		};
/* End PBXFileSystemSynchronizedBuildFileExceptionSet section */

/* Begin PBXFileSystemSynchronizedRootGroup section */
		776F4BDB301E008800F8A582 /* Dynamic */ = {
			isa = PBXFileSystemSynchronizedRootGroup;
			exceptions = (
				B20100000000000000000004 /* Exceptions for "Dynamic" folder in "Dynamic" target */,
			);
			path = Dynamic;
			sourceTree = "<group>";
		};
		A10100000000000000000002 /* DynamixLockscreenWidget */ = {
			isa = PBXFileSystemSynchronizedRootGroup;
			exceptions = (
				A10100000000000000000016 /* Exceptions for "DynamixLockscreenWidget" folder in "DynamixLockscreenWidget" target */,
			);
			path = DynamixLockscreenWidget;
			sourceTree = "<group>";
		};
/* End PBXFileSystemSynchronizedRootGroup section */

/* Begin PBXFrameworksBuildPhase section */
		776F4BD6301E008800F8A582 /* Frameworks */ = {
			isa = PBXFrameworksBuildPhase;
			buildActionMask = 2147483647;
			files = (
				B20100000000000000000001 /* Sparkle in Frameworks */,
			);
			runOnlyForDeploymentPostprocessing = 0;
		};
		A10100000000000000000003 /* Frameworks */ = {
			isa = PBXFrameworksBuildPhase;
			buildActionMask = 2147483647;
			files = (
			);
			runOnlyForDeploymentPostprocessing = 0;
		};
/* End PBXFrameworksBuildPhase section */

/* Begin PBXGroup section */
		776F4BD0301E008800F8A582 = {
			isa = PBXGroup;
			children = (
				776F4BDB301E008800F8A582 /* Dynamic */,
				A10100000000000000000002 /* DynamixLockscreenWidget */,
				776F4BDA301E008800F8A582 /* Products */,
			);
			sourceTree = "<group>";
		};
		776F4BDA301E008800F8A582 /* Products */ = {
			isa = PBXGroup;
			children = (
				776F4BD9301E008800F8A582 /* Dynamix.app */,
				A10100000000000000000001 /* DynamixLockscreenWidget.appex */,
			);
			name = Products;
			sourceTree = "<group>";
		};
/* End PBXGroup section */

/* Begin PBXNativeTarget section */
		776F4BD8301E008800F8A582 /* Dynamic */ = {
			isa = PBXNativeTarget;
			buildConfigurationList = 776F4BE4301E008900F8A582 /* Build configuration list for PBXNativeTarget "Dynamic" */;
			buildPhases = (
				776F4BD5301E008800F8A582 /* Sources */,
				776F4BD6301E008800F8A582 /* Frameworks */,
				776F4BD7301E008800F8A582 /* Resources */,
				A10100000000000000000004 /* Embed Foundation Extensions */,
			);
			buildRules = (
			);
			dependencies = (
				A10100000000000000000008 /* PBXTargetDependency */,
			);
			fileSystemSynchronizedGroups = (
				776F4BDB301E008800F8A582 /* Dynamic */,
			);
			name = Dynamic;
			packageProductDependencies = (
				B20100000000000000000003 /* Sparkle */,
			);
			productName = Dynamic;
			productReference = 776F4BD9301E008800F8A582 /* Dynamix.app */;
			productType = "com.apple.product-type.application";
		};
		A10100000000000000000007 /* DynamixLockscreenWidget */ = {
			isa = PBXNativeTarget;
			buildConfigurationList = A10100000000000000000009 /* Build configuration list for PBXNativeTarget "DynamixLockscreenWidget" */;
			buildPhases = (
				A10100000000000000000010 /* Sources */,
				A10100000000000000000003 /* Frameworks */,
				A10100000000000000000011 /* Resources */,
			);
			buildRules = (
			);
			dependencies = (
			);
			fileSystemSynchronizedGroups = (
				A10100000000000000000002 /* DynamixLockscreenWidget */,
			);
			name = DynamixLockscreenWidget;
			packageProductDependencies = (
			);
			productName = DynamixLockscreenWidget;
			productReference = A10100000000000000000001 /* DynamixLockscreenWidget.appex */;
			productType = "com.apple.product-type.app-extension";
		};
/* End PBXNativeTarget section */

/* Begin PBXProject section */
		776F4BD1301E008800F8A582 /* Project object */ = {
			isa = PBXProject;
			attributes = {
				BuildIndependentTargetsInParallel = 1;
				LastSwiftUpdateCheck = 2660;
				LastUpgradeCheck = 2660;
				TargetAttributes = {
					776F4BD8301E008800F8A582 = {
						CreatedOnToolsVersion = 26.6;
					};
					A10100000000000000000007 = {
						CreatedOnToolsVersion = 26.6;
					};
				};
			};
			buildConfigurationList = 776F4BD4301E008800F8A582 /* Build configuration list for PBXProject "Dynamic" */;
			developmentRegion = en;
			hasScannedForEncodings = 0;
			knownRegions = (
				en,
				Base,
			);
			mainGroup = 776F4BD0301E008800F8A582;
			minimizedProjectReferenceProxies = 1;
			preferredProjectObjectVersion = 77;
			productRefGroup = 776F4BDA301E008800F8A582 /* Products */;
			packageReferences = (
				B20100000000000000000002 /* XCRemoteSwiftPackageReference "Sparkle" */,
			);
			projectDirPath = "";
			projectRoot = "";
			targets = (
				776F4BD8301E008800F8A582 /* Dynamic */,
				A10100000000000000000007 /* DynamixLockscreenWidget */,
			);
		};
/* End PBXProject section */

/* Begin PBXResourcesBuildPhase section */
		776F4BD7301E008800F8A582 /* Resources */ = {
			isa = PBXResourcesBuildPhase;
			buildActionMask = 2147483647;
			files = (
			);
			runOnlyForDeploymentPostprocessing = 0;
		};
		A10100000000000000000011 /* Resources */ = {
			isa = PBXResourcesBuildPhase;
			buildActionMask = 2147483647;
			files = (
			);
			runOnlyForDeploymentPostprocessing = 0;
		};
/* End PBXResourcesBuildPhase section */

/* Begin PBXSourcesBuildPhase section */
		776F4BD5301E008800F8A582 /* Sources */ = {
			isa = PBXSourcesBuildPhase;
			buildActionMask = 2147483647;
			files = (
			);
			runOnlyForDeploymentPostprocessing = 0;
		};
		A10100000000000000000010 /* Sources */ = {
			isa = PBXSourcesBuildPhase;
			buildActionMask = 2147483647;
			files = (
			);
			runOnlyForDeploymentPostprocessing = 0;
		};
/* End PBXSourcesBuildPhase section */

/* Begin PBXTargetDependency section */
		A10100000000000000000008 /* PBXTargetDependency */ = {
			isa = PBXTargetDependency;
			target = A10100000000000000000007 /* DynamixLockscreenWidget */;
			targetProxy = A10100000000000000000006 /* PBXContainerItemProxy */;
		};
/* End PBXTargetDependency section */

/* Begin XCBuildConfiguration section */
		776F4BE2301E008900F8A582 /* Debug */ = {
			isa = XCBuildConfiguration;
			buildSettings = {
				ALWAYS_SEARCH_USER_PATHS = NO;
				ASSETCATALOG_COMPILER_GENERATE_SWIFT_ASSET_SYMBOL_EXTENSIONS = YES;
				CLANG_ANALYZER_NONNULL = YES;
				CLANG_ANALYZER_NUMBER_OBJECT_CONVERSION = YES_AGGRESSIVE;
				CLANG_CXX_LANGUAGE_STANDARD = "gnu++20";
				CLANG_ENABLE_MODULES = YES;
				CLANG_ENABLE_OBJC_ARC = YES;
				CLANG_ENABLE_OBJC_WEAK = YES;
				CLANG_WARN_BLOCK_CAPTURE_AUTORELEASING = YES;
				CLANG_WARN_BOOL_CONVERSION = YES;
				CLANG_WARN_COMMA = YES;
				CLANG_WARN_CONSTANT_CONVERSION = YES;
				CLANG_WARN_DEPRECATED_OBJC_IMPLEMENTATIONS = YES;
				CLANG_WARN_DIRECT_OBJC_ISA_USAGE = YES_ERROR;
				CLANG_WARN_DOCUMENTATION_COMMENTS = YES;
				CLANG_WARN_EMPTY_BODY = YES;
				CLANG_WARN_ENUM_CONVERSION = YES;
				CLANG_WARN_INFINITE_RECURSION = YES;
				CLANG_WARN_INT_CONVERSION = YES;
				CLANG_WARN_NON_LITERAL_NULL_CONVERSION = YES;
				CLANG_WARN_OBJC_IMPLICIT_RETAIN_SELF = YES;
				CLANG_WARN_OBJC_LITERAL_CONVERSION = YES;
				CLANG_WARN_OBJC_ROOT_CLASS = YES_ERROR;
				CLANG_WARN_QUOTED_INCLUDE_IN_FRAMEWORK_HEADER = YES;
				CLANG_WARN_RANGE_LOOP_ANALYSIS = YES;
				CLANG_WARN_STRICT_PROTOTYPES = YES;
				CLANG_WARN_SUSPICIOUS_MOVE = YES;
				CLANG_WARN_UNGUARDED_AVAILABILITY = YES_AGGRESSIVE;
				CLANG_WARN_UNREACHABLE_CODE = YES;
				CLANG_WARN__DUPLICATE_METHOD_MATCH = YES;
				COPY_PHASE_STRIP = NO;
				DEBUG_INFORMATION_FORMAT = dwarf;
				ENABLE_STRICT_OBJC_MSGSEND = YES;
				ENABLE_TESTABILITY = YES;
				ENABLE_USER_SCRIPT_SANDBOXING = YES;
				GCC_C_LANGUAGE_STANDARD = gnu17;
				GCC_DYNAMIC_NO_PIC = NO;
				GCC_NO_COMMON_BLOCKS = YES;
				GCC_OPTIMIZATION_LEVEL = 0;
				GCC_PREPROCESSOR_DEFINITIONS = (
					"DEBUG=1",
					"$(inherited)",
				);
				GCC_WARN_64_TO_32_BIT_CONVERSION = YES;
				GCC_WARN_ABOUT_RETURN_TYPE = YES_ERROR;
				GCC_WARN_UNDECLARED_SELECTOR = YES;
				GCC_WARN_UNINITIALIZED_AUTOS = YES_AGGRESSIVE;
				GCC_WARN_UNUSED_FUNCTION = YES;
				GCC_WARN_UNUSED_VARIABLE = YES;
				LOCALIZATION_PREFERS_STRING_CATALOGS = YES;
				MTL_ENABLE_DEBUG_INFO = INCLUDE_SOURCE;
				MTL_FAST_MATH = YES;
				ONLY_ACTIVE_ARCH = YES;
				SWIFT_ACTIVE_COMPILATION_CONDITIONS = "DEBUG $(inherited)";
				SWIFT_OPTIMIZATION_LEVEL = "-Onone";
			};
			name = Debug;
		};
		776F4BE3301E008900F8A582 /* Release */ = {
			isa = XCBuildConfiguration;
			buildSettings = {
				ALWAYS_SEARCH_USER_PATHS = NO;
				ASSETCATALOG_COMPILER_GENERATE_SWIFT_ASSET_SYMBOL_EXTENSIONS = YES;
				CLANG_ANALYZER_NONNULL = YES;
				CLANG_ANALYZER_NUMBER_OBJECT_CONVERSION = YES_AGGRESSIVE;
				CLANG_CXX_LANGUAGE_STANDARD = "gnu++20";
				CLANG_ENABLE_MODULES = YES;
				CLANG_ENABLE_OBJC_ARC = YES;
				CLANG_ENABLE_OBJC_WEAK = YES;
				CLANG_WARN_BLOCK_CAPTURE_AUTORELEASING = YES;
				CLANG_WARN_BOOL_CONVERSION = YES;
				CLANG_WARN_COMMA = YES;
				CLANG_WARN_CONSTANT_CONVERSION = YES;
				CLANG_WARN_DEPRECATED_OBJC_IMPLEMENTATIONS = YES;
				CLANG_WARN_DIRECT_OBJC_ISA_USAGE = YES_ERROR;
				CLANG_WARN_DOCUMENTATION_COMMENTS = YES;
				CLANG_WARN_EMPTY_BODY = YES;
				CLANG_WARN_ENUM_CONVERSION = YES;
				CLANG_WARN_INFINITE_RECURSION = YES;
				CLANG_WARN_INT_CONVERSION = YES;
				CLANG_WARN_NON_LITERAL_NULL_CONVERSION = YES;
				CLANG_WARN_OBJC_IMPLICIT_RETAIN_SELF = YES;
				CLANG_WARN_OBJC_LITERAL_CONVERSION = YES;
				CLANG_WARN_OBJC_ROOT_CLASS = YES_ERROR;
				CLANG_WARN_QUOTED_INCLUDE_IN_FRAMEWORK_HEADER = YES;
				CLANG_WARN_RANGE_LOOP_ANALYSIS = YES;
				CLANG_WARN_STRICT_PROTOTYPES = YES;
				CLANG_WARN_SUSPICIOUS_MOVE = YES;
				CLANG_WARN_UNGUARDED_AVAILABILITY = YES_AGGRESSIVE;
				CLANG_WARN_UNREACHABLE_CODE = YES;
				CLANG_WARN__DUPLICATE_METHOD_MATCH = YES;
				COPY_PHASE_STRIP = NO;
				DEBUG_INFORMATION_FORMAT = "dwarf-with-dsym";
				ENABLE_NS_ASSERTIONS = NO;
				ENABLE_STRICT_OBJC_MSGSEND = YES;
				ENABLE_USER_SCRIPT_SANDBOXING = YES;
				GCC_C_LANGUAGE_STANDARD = gnu17;
				GCC_NO_COMMON_BLOCKS = YES;
				GCC_WARN_64_TO_32_BIT_CONVERSION = YES;
				GCC_WARN_ABOUT_RETURN_TYPE = YES_ERROR;
				GCC_WARN_UNDECLARED_SELECTOR = YES;
				GCC_WARN_UNINITIALIZED_AUTOS = YES_AGGRESSIVE;
				GCC_WARN_UNUSED_FUNCTION = YES;
				GCC_WARN_UNUSED_VARIABLE = YES;
				LOCALIZATION_PREFERS_STRING_CATALOGS = YES;
				MTL_ENABLE_DEBUG_INFO = NO;
				MTL_FAST_MATH = YES;
				SWIFT_COMPILATION_MODE = wholemodule;
			};
			name = Release;
		};
		776F4BE5301E008900F8A582 /* Debug */ = {
			isa = XCBuildConfiguration;
			buildSettings = {
				ASSETCATALOG_COMPILER_APPICON_NAME = AppIcon;
				ASSETCATALOG_COMPILER_GLOBAL_ACCENT_COLOR_NAME = AccentColor;
				CODE_SIGN_ENTITLEMENTS = Dynamic/Dynamix.entitlements;
				CODE_SIGN_STYLE = Automatic;
				CURRENT_PROJECT_VERSION = 1;
				DEVELOPMENT_TEAM = QJXW7BF52X;
				ENABLE_APP_SANDBOX = NO;
				ENABLE_HARDENED_RUNTIME = YES;
				ENABLE_PREVIEWS = YES;
				ENABLE_USER_SELECTED_FILES = readonly;
				GENERATE_INFOPLIST_FILE = NO;
				INFOPLIST_FILE = Dynamic/Info.plist;
				INFOPLIST_KEY_LSUIElement = YES;
				INFOPLIST_KEY_NSAppleEventsUsageDescription = "Dynamic uses Automation to show and control Spotify or Apple Music playback.";
				INFOPLIST_KEY_NSAudioCaptureUsageDescription = "Dynamic uses system audio only to animate the Now Playing waveform.";
				INFOPLIST_KEY_SUFeedURL = "https://github.com/stawan15/Dynamic/releases/latest/download/appcast.xml";
				INFOPLIST_KEY_SUPublicEDKey = "nkZTEtIT1miXFYUvn/NinL0RdckIUQuMYHd5hPTrVbc=";
				"INFOPLIST_KEY_UIApplicationSceneManifest_Generation[sdk=iphoneos*]" = YES;
				"INFOPLIST_KEY_UIApplicationSceneManifest_Generation[sdk=iphonesimulator*]" = YES;
				"INFOPLIST_KEY_UIApplicationSupportsIndirectInputEvents[sdk=iphoneos*]" = YES;
				"INFOPLIST_KEY_UIApplicationSupportsIndirectInputEvents[sdk=iphonesimulator*]" = YES;
				"INFOPLIST_KEY_UILaunchScreen_Generation[sdk=iphoneos*]" = YES;
				"INFOPLIST_KEY_UILaunchScreen_Generation[sdk=iphonesimulator*]" = YES;
				"INFOPLIST_KEY_UIStatusBarStyle[sdk=iphoneos*]" = UIStatusBarStyleDefault;
				"INFOPLIST_KEY_UIStatusBarStyle[sdk=iphonesimulator*]" = UIStatusBarStyleDefault;
				INFOPLIST_KEY_UISupportedInterfaceOrientations_iPad = "UIInterfaceOrientationPortrait UIInterfaceOrientationPortraitUpsideDown UIInterfaceOrientationLandscapeLeft UIInterfaceOrientationLandscapeRight";
				INFOPLIST_KEY_UISupportedInterfaceOrientations_iPhone = "UIInterfaceOrientationPortrait UIInterfaceOrientationLandscapeLeft UIInterfaceOrientationLandscapeRight";
				LD_RUNPATH_SEARCH_PATHS = "@executable_path/Frameworks";
				"LD_RUNPATH_SEARCH_PATHS[sdk=macosx*]" = "@executable_path/../Frameworks";
				MACOSX_DEPLOYMENT_TARGET = 26.0;
				MARKETING_VERSION = 1.0;
				PRODUCT_BUNDLE_IDENTIFIER = stawan15.Dynamic;
				PRODUCT_NAME = Dynamix;
				REGISTER_APP_GROUPS = YES;
				SDKROOT = auto;
				STRING_CATALOG_GENERATE_SYMBOLS = YES;
				SUPPORTED_PLATFORMS = macosx;
				SWIFT_APPROACHABLE_CONCURRENCY = YES;
				SWIFT_DEFAULT_ACTOR_ISOLATION = MainActor;
				SWIFT_EMIT_LOC_STRINGS = YES;
				SWIFT_UPCOMING_FEATURE_MEMBER_IMPORT_VISIBILITY = YES;
				SWIFT_VERSION = 5.0;
				TARGETED_DEVICE_FAMILY = 6;
			};
			name = Debug;
		};
		776F4BE6301E008900F8A582 /* Release */ = {
			isa = XCBuildConfiguration;
			buildSettings = {
				ASSETCATALOG_COMPILER_APPICON_NAME = AppIcon;
				ASSETCATALOG_COMPILER_GLOBAL_ACCENT_COLOR_NAME = AccentColor;
				CODE_SIGN_ENTITLEMENTS = Dynamic/Dynamix.entitlements;
				CODE_SIGN_STYLE = Automatic;
				CURRENT_PROJECT_VERSION = 1;
				DEVELOPMENT_TEAM = QJXW7BF52X;
				ENABLE_APP_SANDBOX = NO;
				ENABLE_HARDENED_RUNTIME = YES;
				ENABLE_PREVIEWS = YES;
				ENABLE_USER_SELECTED_FILES = readonly;
				GENERATE_INFOPLIST_FILE = NO;
				INFOPLIST_FILE = Dynamic/Info.plist;
				INFOPLIST_KEY_LSUIElement = YES;
				INFOPLIST_KEY_NSAppleEventsUsageDescription = "Dynamic uses Automation to show and control Spotify or Apple Music playback.";
				INFOPLIST_KEY_NSAudioCaptureUsageDescription = "Dynamic uses system audio only to animate the Now Playing waveform.";
				INFOPLIST_KEY_SUFeedURL = "https://github.com/stawan15/Dynamic/releases/latest/download/appcast.xml";
				INFOPLIST_KEY_SUPublicEDKey = "nkZTEtIT1miXFYUvn/NinL0RdckIUQuMYHd5hPTrVbc=";
				"INFOPLIST_KEY_UIApplicationSceneManifest_Generation[sdk=iphoneos*]" = YES;
				"INFOPLIST_KEY_UIApplicationSceneManifest_Generation[sdk=iphonesimulator*]" = YES;
				"INFOPLIST_KEY_UIApplicationSupportsIndirectInputEvents[sdk=iphoneos*]" = YES;
				"INFOPLIST_KEY_UIApplicationSupportsIndirectInputEvents[sdk=iphonesimulator*]" = YES;
				"INFOPLIST_KEY_UILaunchScreen_Generation[sdk=iphoneos*]" = YES;
				"INFOPLIST_KEY_UILaunchScreen_Generation[sdk=iphonesimulator*]" = YES;
				"INFOPLIST_KEY_UIStatusBarStyle[sdk=iphoneos*]" = UIStatusBarStyleDefault;
				"INFOPLIST_KEY_UIStatusBarStyle[sdk=iphonesimulator*]" = UIStatusBarStyleDefault;
				INFOPLIST_KEY_UISupportedInterfaceOrientations_iPad = "UIInterfaceOrientationPortrait UIInterfaceOrientationPortraitUpsideDown UIInterfaceOrientationLandscapeLeft UIInterfaceOrientationLandscapeRight";
				INFOPLIST_KEY_UISupportedInterfaceOrientations_iPhone = "UIInterfaceOrientationPortrait UIInterfaceOrientationLandscapeLeft UIInterfaceOrientationLandscapeRight";
				LD_RUNPATH_SEARCH_PATHS = "@executable_path/Frameworks";
				"LD_RUNPATH_SEARCH_PATHS[sdk=macosx*]" = "@executable_path/../Frameworks";
				MACOSX_DEPLOYMENT_TARGET = 26.0;
				MARKETING_VERSION = 1.0;
				PRODUCT_BUNDLE_IDENTIFIER = stawan15.Dynamic;
				PRODUCT_NAME = Dynamix;
				REGISTER_APP_GROUPS = YES;
				SDKROOT = auto;
				STRING_CATALOG_GENERATE_SYMBOLS = YES;
				SUPPORTED_PLATFORMS = macosx;
				SWIFT_APPROACHABLE_CONCURRENCY = YES;
				SWIFT_DEFAULT_ACTOR_ISOLATION = MainActor;
				SWIFT_EMIT_LOC_STRINGS = YES;
				SWIFT_UPCOMING_FEATURE_MEMBER_IMPORT_VISIBILITY = YES;
				SWIFT_VERSION = 5.0;
				TARGETED_DEVICE_FAMILY = 6;
			};
			name = Release;
		};
		A10100000000000000000014 /* Debug */ = {
			isa = XCBuildConfiguration;
			buildSettings = {
				APPLICATION_EXTENSION_API_ONLY = YES;
				CODE_SIGN_ENTITLEMENTS = DynamixLockscreenWidget/DynamixLockscreenWidget.entitlements;
				CODE_SIGN_STYLE = Automatic;
				CURRENT_PROJECT_VERSION = 1;
				DEVELOPMENT_TEAM = QJXW7BF52X;
				GENERATE_INFOPLIST_FILE = NO;
				INFOPLIST_FILE = DynamixLockscreenWidget/Info.plist;
				MACOSX_DEPLOYMENT_TARGET = 26.0;
				MARKETING_VERSION = 1.0;
				PRODUCT_BUNDLE_IDENTIFIER = stawan15.Dynamic.LockscreenWidget;
				PRODUCT_NAME = DynamixLockscreenWidget;
				SKIP_INSTALL = YES;
				SWIFT_VERSION = 5.0;
			};
			name = Debug;
		};
		A10100000000000000000015 /* Release */ = {
			isa = XCBuildConfiguration;
			buildSettings = {
				APPLICATION_EXTENSION_API_ONLY = YES;
				CODE_SIGN_ENTITLEMENTS = DynamixLockscreenWidget/DynamixLockscreenWidget.entitlements;
				CODE_SIGN_STYLE = Automatic;
				CURRENT_PROJECT_VERSION = 1;
				DEVELOPMENT_TEAM = QJXW7BF52X;
				GENERATE_INFOPLIST_FILE = NO;
				INFOPLIST_FILE = DynamixLockscreenWidget/Info.plist;
				MACOSX_DEPLOYMENT_TARGET = 26.0;
				MARKETING_VERSION = 1.0;
				PRODUCT_BUNDLE_IDENTIFIER = stawan15.Dynamic.LockscreenWidget;
				PRODUCT_NAME = DynamixLockscreenWidget;
				SKIP_INSTALL = YES;
				SWIFT_VERSION = 5.0;
			};
			name = Release;
		};
/* End XCBuildConfiguration section */

/* Begin XCRemoteSwiftPackageReference section */
		B20100000000000000000002 /* XCRemoteSwiftPackageReference "Sparkle" */ = {
			isa = XCRemoteSwiftPackageReference;
			repositoryURL = "https://github.com/sparkle-project/Sparkle";
			requirement = {
				kind = upToNextMinorVersion;
				minimumVersion = 2.9.5;
			};
		};
/* End XCRemoteSwiftPackageReference section */

/* Begin XCSwiftPackageProductDependency section */
		B20100000000000000000003 /* Sparkle */ = {
			isa = XCSwiftPackageProductDependency;
			package = B20100000000000000000002 /* XCRemoteSwiftPackageReference "Sparkle" */;
			productName = Sparkle;
		};
/* End XCSwiftPackageProductDependency section */

/* Begin XCConfigurationList section */
		776F4BD4301E008800F8A582 /* Build configuration list for PBXProject "Dynamic" */ = {
			isa = XCConfigurationList;
			buildConfigurations = (
				776F4BE2301E008900F8A582 /* Debug */,
				776F4BE3301E008900F8A582 /* Release */,
			);
			defaultConfigurationIsVisible = 0;
			defaultConfigurationName = Release;
		};
		776F4BE4301E008900F8A582 /* Build configuration list for PBXNativeTarget "Dynamic" */ = {
			isa = XCConfigurationList;
			buildConfigurations = (
				776F4BE5301E008900F8A582 /* Debug */,
				776F4BE6301E008900F8A582 /* Release */,
			);
			defaultConfigurationIsVisible = 0;
			defaultConfigurationName = Release;
		};
		A10100000000000000000009 /* Build configuration list for PBXNativeTarget "DynamixLockscreenWidget" */ = {
			isa = XCConfigurationList;
			buildConfigurations = (
				A10100000000000000000014 /* Debug */,
				A10100000000000000000015 /* Release */,
			);
			defaultConfigurationIsVisible = 0;
			defaultConfigurationName = Release;
		};
/* End XCConfigurationList section */
	};
	rootObject = 776F4BD1301E008800F8A582 /* Project object */;
}
